
Microsoft Visual Studio Solution File, Format Version 12.00
# Visual Studio 15
Project("{FAE04EC0-301F-11D3-BF4B-00C04F79EFBC}") = "ProjetL3info", "ProjetL3info.csproj", "{3E6BE594-9945-6B81-A11D-7CF16174D33D}"
EndProject
Project("{FAE04EC0-301F-11D3-BF4B-00C04F79EFBC}") = "ProjetL3info.Editor", "ProjetL3info.Editor.csproj", "{3B15A41D-C03A-578E-DEC0-1297DB14BA3E}"
EndProject
Global
	GlobalSection(SolutionConfigurationPlatforms) = preSolution
		Debug|Any CPU = Debug|Any CPU
		Release|Any CPU = Release|Any CPU
	EndGlobalSection
	GlobalSection(ProjectConfigurationPlatforms) = postSolution
		{3E6BE594-9945-6B81-A11D-7CF16174D33D}.Debug|Any CPU.ActiveCfg = Debug|Any CPU
		{3E6BE594-9945-6B81-A11D-7CF16174D33D}.Debug|Any CPU.Build.0 = Debug|Any CPU
		{3E6BE594-9945-6B81-A11D-7CF16174D33D}.Release|Any CPU.ActiveCfg = Release|Any CPU
		{3E6BE594-9945-6B81-A11D-7CF16174D33D}.Release|Any CPU.Build.0 = Release|Any CPU
		{3B15A41D-C03A-578E-DEC0-1297DB14BA3E}.Debug|Any CPU.ActiveCfg = Debug|Any CPU
		{3B15A41D-C03A-578E-DEC0-1297DB14BA3E}.Debug|Any CPU.Build.0 = Debug|Any CPU
		{3B15A41D-C03A-578E-DEC0-1297DB14BA3E}.Release|Any CPU.ActiveCfg = Release|Any CPU
		{3B15A41D-C03A-578E-DEC0-1297DB14BA3E}.Release|Any CPU.Build.0 = Release|Any CPU
	EndGlobalSection
	GlobalSection(SolutionProperties) = preSolution
		HideSolutionNode = FALSE
	EndGlobalSection
EndGlobal
